# generated by rye
# use `rye lock` or `rye sync` to update this lockfile
#
# last locked with the following flags:
#   pre: false
#   features: []
#   all-features: false
#   with-sources: false
#   generate-hashes: false
#   universal: false

-e file:.
anyio==4.9.0
    # via httpx
attrs==25.3.0
    # via jsonschema
    # via referencing
beautifulsoup4==4.13.4
    # via nbconvert
bleach==6.2.0
    # via nbconvert
certifi==2025.7.14
    # via httpcore
    # via httpx
click==8.2.1
    # via folder2md4llms
    # via rich-click
defusedxml==0.7.1
    # via nbconvert
et-xmlfile==2.0.0
    # via openpyxl
fastjsonschema==2.21.1
    # via nbformat
h11==0.16.0
    # via httpcore
httpcore==1.0.9
    # via httpx
httpx==0.28.1
    # via folder2md4llms
idna==3.10
    # via anyio
    # via httpx
jinja2==3.1.6
    # via nbconvert
jsonschema==4.25.0
    # via nbformat
jsonschema-specifications==2025.4.1
    # via jsonschema
jupyter-client==8.6.3
    # via nbclient
jupyter-core==5.8.1
    # via jupyter-client
    # via nbclient
    # via nbconvert
    # via nbformat
jupyterlab-pygments==0.3.0
    # via nbconvert
lxml==6.0.0
    # via python-docx
    # via python-pptx
markdown==3.8.2
    # via folder2md4llms
markdown-it-py==3.0.0
    # via rich
markupsafe==3.0.2
    # via jinja2
    # via nbconvert
mdurl==0.1.2
    # via markdown-it-py
mistune==3.1.3
    # via nbconvert
nbclient==0.10.2
    # via nbconvert
nbconvert==7.16.6
    # via folder2md4llms
nbformat==5.10.4
    # via nbclient
    # via nbconvert
openpyxl==3.1.5
    # via folder2md4llms
packaging==25.0
    # via nbconvert
pandocfilters==1.5.1
    # via nbconvert
pathlib==1.0.1
    # via folder2md4llms
pillow==11.3.0
    # via folder2md4llms
    # via python-pptx
platformdirs==4.3.8
    # via jupyter-core
psutil==7.0.0
    # via folder2md4llms
pygments==2.19.2
    # via folder2md4llms
    # via nbconvert
    # via rich
pypdf==5.8.0
    # via folder2md4llms
pyperclip==1.9.0
    # via folder2md4llms
python-dateutil==2.9.0.post0
    # via jupyter-client
python-docx==1.2.0
    # via folder2md4llms
python-magic==0.4.27
    # via folder2md4llms
python-pptx==1.0.2
    # via folder2md4llms
pyyaml==6.0.2
    # via folder2md4llms
pyzmq==27.0.0
    # via jupyter-client
referencing==0.36.2
    # via jsonschema
    # via jsonschema-specifications
rich==14.0.0
    # via folder2md4llms
    # via rich-click
rich-click==1.8.9
    # via folder2md4llms
rpds-py==0.26.0
    # via jsonschema
    # via referencing
six==1.17.0
    # via python-dateutil
sniffio==1.3.1
    # via anyio
soupsieve==2.7
    # via beautifulsoup4
striprtf==0.0.29
    # via folder2md4llms
tinycss2==1.4.0
    # via bleach
tornado==6.5.1
    # via jupyter-client
tqdm==4.67.1
    # via folder2md4llms
traitlets==5.14.3
    # via jupyter-client
    # via jupyter-core
    # via nbclient
    # via nbconvert
    # via nbformat
typing-extensions==4.14.1
    # via anyio
    # via beautifulsoup4
    # via python-docx
    # via python-pptx
    # via referencing
    # via rich-click
webencodings==0.5.1
    # via bleach
    # via tinycss2
xlsxwriter==3.2.5
    # via python-pptx
